
Microsoft Visual Studio Solution File, Format Version 12.00
# Visual Studio Version 17
VisualStudioVersion = 17.2.32630.192
MinimumVisualStudioVersion = 10.0.40219.1
Project("{FAE04EC0-301F-11D3-BF4B-00C04F79EFBC}") = "tfapp", "tfapp\tfapp.csproj", "{3AA86A04-DE80-4FBD-9EEB-942AB7CAE692}"
EndProject
Global
	GlobalSection(SolutionConfigurationPlatforms) = preSolution
		Debug|Any CPU = Debug|Any CPU
		Release|Any CPU = Release|Any CPU
	EndGlobalSection
	GlobalSection(ProjectConfigurationPlatforms) = postSolution
		{3AA86A04-DE80-4FBD-9EEB-942AB7CAE692}.Debug|Any CPU.ActiveCfg = Debug|Any CPU
		{3AA86A04-DE80-4FBD-9EEB-942AB7CAE692}.Debug|Any CPU.Build.0 = Debug|Any CPU
		{3AA86A04-DE80-4FBD-9EEB-942AB7CAE692}.Release|Any CPU.ActiveCfg = Release|Any CPU
		{3AA86A04-DE80-4FBD-9EEB-942AB7CAE692}.Release|Any CPU.Build.0 = Release|Any CPU
	EndGlobalSection
	GlobalSection(SolutionProperties) = preSolution
		HideSolutionNode = FALSE
	EndGlobalSection
	GlobalSection(ExtensibilityGlobals) = postSolution
		SolutionGuid = {101F5108-818E-43D4-999B-06EF999F19C4}
	EndGlobalSection
EndGlobal
